
Microsoft Visual Studio Solution File, Format Version 12.00
Project("{FAE04EC0-301F-11D3-BF4B-00C04F79EFBC}") = "AsyncJobScheduler.Domain", "AsyncJobScheduler.Domain\AsyncJobScheduler.Domain.csproj", "{52205135-905E-4EA6-B432-F1E30354E423}"
EndProject
Project("{2150E333-8FDC-42A3-9474-1A3956D46DE8}") = "solution items", "solution items", "{7A764638-97A7-48BF-A206-BB3A9C3C26E6}"
	ProjectSection(SolutionItems) = preProject
		..\.github\workflows\checks.yml = ..\.github\workflows\checks.yml
	EndProjectSection
EndProject
Project("{FAE04EC0-301F-11D3-BF4B-00C04F79EFBC}") = "AsyncJobScheduler.Application", "AsyncJobScheduler.Application\AsyncJobScheduler.Application.csproj", "{8FFF5619-8FEF-4682-BF8A-8072908C120A}"
EndProject
Project("{FAE04EC0-301F-11D3-BF4B-00C04F79EFBC}") = "AsyncJobScheduler.Infrastructure", "AsyncJobScheduler.Infrastructure\AsyncJobScheduler.Infrastructure.csproj", "{C2F0428E-CED2-4103-87F8-EF4E399053CD}"
EndProject
Project("{FAE04EC0-301F-11D3-BF4B-00C04F79EFBC}") = "AsyncJobScheduler.Shared", "AsyncJobScheduler.Shared\AsyncJobScheduler.Shared.csproj", "{BC42528F-0F8F-426A-87B5-4B5BC89AEBB9}"
EndProject
Project("{FAE04EC0-301F-11D3-BF4B-00C04F79EFBC}") = "AsyncJobScheduler.API", "AsyncJobScheduler.API\AsyncJobScheduler.API.csproj", "{E878C2B2-8A9B-4752-8C60-F53C98C6F0D1}"
EndProject
Project("{2150E333-8FDC-42A3-9474-1A3956D46DE8}") = "api", "api", "{41EF0809-774E-44AD-ABF5-1BD0A461913E}"
	ProjectSection(SolutionItems) = preProject
		..\api\openapi.yaml = ..\api\openapi.yaml
	EndProjectSection
EndProject
Project("{2150E333-8FDC-42A3-9474-1A3956D46DE8}") = "requests", "requests", "{28D68F6A-BEB1-46B1-925E-653D7EEB59B7}"
	ProjectSection(SolutionItems) = preProject
		..\api\requests\jobs.http = ..\api\requests\jobs.http
		..\api\requests\smoke.http = ..\api\requests\smoke.http
	EndProjectSection
EndProject
Project("{2150E333-8FDC-42A3-9474-1A3956D46DE8}") = "tests", "tests", "{BF17CDB2-6541-4D35-B2AD-7D275698C13C}"
EndProject
Project("{FAE04EC0-301F-11D3-BF4B-00C04F79EFBC}") = "AsyncJobScheduler.Infrastructure.UnitTests", "..\tests\AsyncJobScheduler.Infrastructure.UnitTests\AsyncJobScheduler.Infrastructure.UnitTests.csproj", "{B3EC3C55-D21D-4370-8CE5-793A580E3E57}"
EndProject
Global
	GlobalSection(SolutionConfigurationPlatforms) = preSolution
		Debug|Any CPU = Debug|Any CPU
		Release|Any CPU = Release|Any CPU
	EndGlobalSection
	GlobalSection(ProjectConfigurationPlatforms) = postSolution
		{52205135-905E-4EA6-B432-F1E30354E423}.Debug|Any CPU.ActiveCfg = Debug|Any CPU
		{52205135-905E-4EA6-B432-F1E30354E423}.Debug|Any CPU.Build.0 = Debug|Any CPU
		{52205135-905E-4EA6-B432-F1E30354E423}.Release|Any CPU.ActiveCfg = Release|Any CPU
		{52205135-905E-4EA6-B432-F1E30354E423}.Release|Any CPU.Build.0 = Release|Any CPU
		{8FFF5619-8FEF-4682-BF8A-8072908C120A}.Debug|Any CPU.ActiveCfg = Debug|Any CPU
		{8FFF5619-8FEF-4682-BF8A-8072908C120A}.Debug|Any CPU.Build.0 = Debug|Any CPU
		{8FFF5619-8FEF-4682-BF8A-8072908C120A}.Release|Any CPU.ActiveCfg = Release|Any CPU
		{8FFF5619-8FEF-4682-BF8A-8072908C120A}.Release|Any CPU.Build.0 = Release|Any CPU
		{C2F0428E-CED2-4103-87F8-EF4E399053CD}.Debug|Any CPU.ActiveCfg = Debug|Any CPU
		{C2F0428E-CED2-4103-87F8-EF4E399053CD}.Debug|Any CPU.Build.0 = Debug|Any CPU
		{C2F0428E-CED2-4103-87F8-EF4E399053CD}.Release|Any CPU.ActiveCfg = Release|Any CPU
		{C2F0428E-CED2-4103-87F8-EF4E399053CD}.Release|Any CPU.Build.0 = Release|Any CPU
		{BC42528F-0F8F-426A-87B5-4B5BC89AEBB9}.Debug|Any CPU.ActiveCfg = Debug|Any CPU
		{BC42528F-0F8F-426A-87B5-4B5BC89AEBB9}.Debug|Any CPU.Build.0 = Debug|Any CPU
		{BC42528F-0F8F-426A-87B5-4B5BC89AEBB9}.Release|Any CPU.ActiveCfg = Release|Any CPU
		{BC42528F-0F8F-426A-87B5-4B5BC89AEBB9}.Release|Any CPU.Build.0 = Release|Any CPU
		{E878C2B2-8A9B-4752-8C60-F53C98C6F0D1}.Debug|Any CPU.ActiveCfg = Debug|Any CPU
		{E878C2B2-8A9B-4752-8C60-F53C98C6F0D1}.Debug|Any CPU.Build.0 = Debug|Any CPU
		{E878C2B2-8A9B-4752-8C60-F53C98C6F0D1}.Release|Any CPU.ActiveCfg = Release|Any CPU
		{E878C2B2-8A9B-4752-8C60-F53C98C6F0D1}.Release|Any CPU.Build.0 = Release|Any CPU
		{B3EC3C55-D21D-4370-8CE5-793A580E3E57}.Debug|Any CPU.ActiveCfg = Debug|Any CPU
		{B3EC3C55-D21D-4370-8CE5-793A580E3E57}.Debug|Any CPU.Build.0 = Debug|Any CPU
		{B3EC3C55-D21D-4370-8CE5-793A580E3E57}.Release|Any CPU.ActiveCfg = Release|Any CPU
		{B3EC3C55-D21D-4370-8CE5-793A580E3E57}.Release|Any CPU.Build.0 = Release|Any CPU
	EndGlobalSection
	GlobalSection(NestedProjects) = preSolution
		{28D68F6A-BEB1-46B1-925E-653D7EEB59B7} = {41EF0809-774E-44AD-ABF5-1BD0A461913E}
		{B3EC3C55-D21D-4370-8CE5-793A580E3E57} = {BF17CDB2-6541-4D35-B2AD-7D275698C13C}
	EndGlobalSection
EndGlobal
